
Microsoft Visual Studio Solution File, Format Version 11.00
# Visual Studio 2010
Project("{2150E333-8FDC-42A3-9474-1A3956D46DE8}") = "Samples", "Samples", "{1B1EA4C3-DE93-437E-AE87-31F1D9312435}"
EndProject
Project("{FAE04EC0-301F-11D3-BF4B-00C04F79EFBC}") = "RazorGenerator.Core", "RazorGenerator.Core\RazorGenerator.Core.csproj", "{AF040852-112F-494D-B1D0-B50888928DB6}"
EndProject
Project("{FAE04EC0-301F-11D3-BF4B-00C04F79EFBC}") = "RazorGenerator.Core.Test", "RazorGenerator.Core.Test\RazorGenerator.Core.Test.csproj", "{31008D4B-EF1A-43B9-8908-B35818324FFC}"
EndProject
Project("{FAE04EC0-301F-11D3-BF4B-00C04F79EFBC}") = "RazorGenerator.Tooling", "RazorGenerator.Tooling\RazorGenerator.Tooling.csproj", "{461089E7-008E-4737-BA17-E1FCD1CC3D0E}"
EndProject
Project("{FAE04EC0-301F-11D3-BF4B-00C04F79EFBC}") = "RazorGenerator.MsBuild", "RazorGenerator.MsBuild\RazorGenerator.MsBuild.csproj", "{A229A158-CFD5-4D05-945D-A3192F5C895B}"
EndProject
Project("{FAE04EC0-301F-11D3-BF4B-00C04F79EFBC}") = "TemplateSample", "samples\TemplateSample\TemplateSample.csproj", "{20E2F666-4B98-4176-8C6A-B58E6258537E}"
	ProjectSection(ProjectDependencies) = postProject
		{A229A158-CFD5-4D05-945D-A3192F5C895B} = {A229A158-CFD5-4D05-945D-A3192F5C895B}
	EndProjectSection
EndProject
Project("{FAE04EC0-301F-11D3-BF4B-00C04F79EFBC}") = "PrecompiledMvcLibrary", "samples\PrecompiledMvcLibrary\PrecompiledMvcLibrary.csproj", "{7737AB96-07CC-4940-A298-E949EC4B9EAA}"
EndProject
Project("{FAE04EC0-301F-11D3-BF4B-00C04F79EFBC}") = "PrecompiledMvcViewEngine", "PrecompiledMvcViewEngine\PrecompiledMvcViewEngine.csproj", "{ECA3FA91-06FB-421A-B5AC-2F985BAD12DE}"
EndProject
Project("{FAE04EC0-301F-11D3-BF4B-00C04F79EFBC}") = "MvcSample", "samples\MvcSample\MvcSample.csproj", "{B451EEF4-D35B-4D1D-96B5-0ED6057CCF07}"
EndProject
Project("{E24C65DC-7377-472B-9ABA-BC803B73C61A}") = "WebPagesSample", "samples\WebPagesSample", "{C7FD3E94-FBF9-4F4A-A326-DE76108C3C77}"
	ProjectSection(WebsiteProperties) = preProject
		TargetFrameworkMoniker = ".NETFramework,Version%3Dv4.0"
		ProjectReferences = "{6F63B0CA-5614-43BB-86CE-D39F10DED1DF}|PrecompiledWebPagesHelper.dll;"
		Debug.AspNetCompiler.VirtualPath = "/WebPagesSample"
		Debug.AspNetCompiler.PhysicalPath = "samples\WebPagesSample\"
		Debug.AspNetCompiler.TargetPath = "PrecompiledWeb\WebPagesSample\"
		Debug.AspNetCompiler.Updateable = "true"
		Debug.AspNetCompiler.ForceOverwrite = "true"
		Debug.AspNetCompiler.FixedNames = "false"
		Debug.AspNetCompiler.Debug = "True"
		Release.AspNetCompiler.VirtualPath = "/WebPagesSample"
		Release.AspNetCompiler.PhysicalPath = "samples\WebPagesSample\"
		Release.AspNetCompiler.TargetPath = "PrecompiledWeb\WebPagesSample\"
		Release.AspNetCompiler.Updateable = "true"
		Release.AspNetCompiler.ForceOverwrite = "true"
		Release.AspNetCompiler.FixedNames = "false"
		Release.AspNetCompiler.Debug = "False"
		VWDPort = "63766"
		DefaultWebSiteLanguage = "Visual C#"
		StartServerOnDebug = "false"
	EndProjectSection
EndProject
Project("{2150E333-8FDC-42A3-9474-1A3956D46DE8}") = "mvc", "mvc", "{CC70FDC5-B84B-42A9-880B-2A7F36CE2D04}"
EndProject
Project("{2150E333-8FDC-42A3-9474-1A3956D46DE8}") = "webpages", "webpages", "{EF46BA66-E8CE-4C0B-84D8-85970F4E60E5}"
EndProject
Project("{FAE04EC0-301F-11D3-BF4B-00C04F79EFBC}") = "PrecompiledWebPagesLibrary", "samples\PrecompiledWebPagesLibrary\PrecompiledWebPagesLibrary.csproj", "{6F63B0CA-5614-43BB-86CE-D39F10DED1DF}"
EndProject
Project("{FAE04EC0-301F-11D3-BF4B-00C04F79EFBC}") = "PrecompiledMvcViews.Testing", "PrecompiledMvcViews.Testing\PrecompiledMvcViews.Testing.csproj", "{54BBBD3E-7862-4687-8A9C-39DC707012BD}"
EndProject
Project("{FAE04EC0-301F-11D3-BF4B-00C04F79EFBC}") = "MvcViewsTests", "MvcViewsTests\MvcViewsTests.csproj", "{EA5115DC-E9ED-4A31-B15A-4198B93E3FC6}"
EndProject
Project("{2150E333-8FDC-42A3-9474-1A3956D46DE8}") = "Solution Items", "Solution Items", "{02862DB9-C9C5-45A1-BED9-4FDC9AF34795}"
	ProjectSection(SolutionItems) = preProject
		Local.testsettings = Local.testsettings
		RazorGenerator.vsmdi = RazorGenerator.vsmdi
		TraceAndTestImpact.testsettings = TraceAndTestImpact.testsettings
	EndProjectSection
EndProject
Global
	GlobalSection(TestCaseManagementSettings) = postSolution
		CategoryFile = RazorGenerator.vsmdi
	EndGlobalSection
	GlobalSection(SolutionConfigurationPlatforms) = preSolution
		Debug|Any CPU = Debug|Any CPU
		Debug|Mixed Platforms = Debug|Mixed Platforms
		Debug|x86 = Debug|x86
		Release|Any CPU = Release|Any CPU
		Release|Mixed Platforms = Release|Mixed Platforms
		Release|x86 = Release|x86
	EndGlobalSection
	GlobalSection(ProjectConfigurationPlatforms) = postSolution
		{AF040852-112F-494D-B1D0-B50888928DB6}.Debug|Any CPU.ActiveCfg = Debug|Any CPU
		{AF040852-112F-494D-B1D0-B50888928DB6}.Debug|Any CPU.Build.0 = Debug|Any CPU
		{AF040852-112F-494D-B1D0-B50888928DB6}.Debug|Mixed Platforms.ActiveCfg = Debug|Any CPU
		{AF040852-112F-494D-B1D0-B50888928DB6}.Debug|Mixed Platforms.Build.0 = Debug|Any CPU
		{AF040852-112F-494D-B1D0-B50888928DB6}.Debug|x86.ActiveCfg = Debug|Any CPU
		{AF040852-112F-494D-B1D0-B50888928DB6}.Release|Any CPU.ActiveCfg = Release|Any CPU
		{AF040852-112F-494D-B1D0-B50888928DB6}.Release|Any CPU.Build.0 = Release|Any CPU
		{AF040852-112F-494D-B1D0-B50888928DB6}.Release|Mixed Platforms.ActiveCfg = Release|Any CPU
		{AF040852-112F-494D-B1D0-B50888928DB6}.Release|Mixed Platforms.Build.0 = Release|Any CPU
		{AF040852-112F-494D-B1D0-B50888928DB6}.Release|x86.ActiveCfg = Release|Any CPU
		{31008D4B-EF1A-43B9-8908-B35818324FFC}.Debug|Any CPU.ActiveCfg = Debug|Any CPU
		{31008D4B-EF1A-43B9-8908-B35818324FFC}.Debug|Any CPU.Build.0 = Debug|Any CPU
		{31008D4B-EF1A-43B9-8908-B35818324FFC}.Debug|Mixed Platforms.ActiveCfg = Debug|Any CPU
		{31008D4B-EF1A-43B9-8908-B35818324FFC}.Debug|Mixed Platforms.Build.0 = Debug|Any CPU
		{31008D4B-EF1A-43B9-8908-B35818324FFC}.Debug|x86.ActiveCfg = Debug|Any CPU
		{31008D4B-EF1A-43B9-8908-B35818324FFC}.Release|Any CPU.ActiveCfg = Release|Any CPU
		{31008D4B-EF1A-43B9-8908-B35818324FFC}.Release|Any CPU.Build.0 = Release|Any CPU
		{31008D4B-EF1A-43B9-8908-B35818324FFC}.Release|Mixed Platforms.ActiveCfg = Release|Any CPU
		{31008D4B-EF1A-43B9-8908-B35818324FFC}.Release|Mixed Platforms.Build.0 = Release|Any CPU
		{31008D4B-EF1A-43B9-8908-B35818324FFC}.Release|x86.ActiveCfg = Release|Any CPU
		{461089E7-008E-4737-BA17-E1FCD1CC3D0E}.Debug|Any CPU.ActiveCfg = Debug|Any CPU
		{461089E7-008E-4737-BA17-E1FCD1CC3D0E}.Debug|Any CPU.Build.0 = Debug|Any CPU
		{461089E7-008E-4737-BA17-E1FCD1CC3D0E}.Debug|Mixed Platforms.ActiveCfg = Debug|Any CPU
		{461089E7-008E-4737-BA17-E1FCD1CC3D0E}.Debug|Mixed Platforms.Build.0 = Debug|Any CPU
		{461089E7-008E-4737-BA17-E1FCD1CC3D0E}.Debug|x86.ActiveCfg = Debug|Any CPU
		{461089E7-008E-4737-BA17-E1FCD1CC3D0E}.Release|Any CPU.ActiveCfg = Release|Any CPU
		{461089E7-008E-4737-BA17-E1FCD1CC3D0E}.Release|Any CPU.Build.0 = Release|Any CPU
		{461089E7-008E-4737-BA17-E1FCD1CC3D0E}.Release|Mixed Platforms.ActiveCfg = Release|Any CPU
		{461089E7-008E-4737-BA17-E1FCD1CC3D0E}.Release|Mixed Platforms.Build.0 = Release|Any CPU
		{461089E7-008E-4737-BA17-E1FCD1CC3D0E}.Release|x86.ActiveCfg = Release|Any CPU
		{A229A158-CFD5-4D05-945D-A3192F5C895B}.Debug|Any CPU.ActiveCfg = Debug|Any CPU
		{A229A158-CFD5-4D05-945D-A3192F5C895B}.Debug|Any CPU.Build.0 = Debug|Any CPU
		{A229A158-CFD5-4D05-945D-A3192F5C895B}.Debug|Mixed Platforms.ActiveCfg = Debug|Any CPU
		{A229A158-CFD5-4D05-945D-A3192F5C895B}.Debug|Mixed Platforms.Build.0 = Debug|Any CPU
		{A229A158-CFD5-4D05-945D-A3192F5C895B}.Debug|x86.ActiveCfg = Debug|Any CPU
		{A229A158-CFD5-4D05-945D-A3192F5C895B}.Release|Any CPU.ActiveCfg = Release|Any CPU
		{A229A158-CFD5-4D05-945D-A3192F5C895B}.Release|Any CPU.Build.0 = Release|Any CPU
		{A229A158-CFD5-4D05-945D-A3192F5C895B}.Release|Mixed Platforms.ActiveCfg = Release|Any CPU
		{A229A158-CFD5-4D05-945D-A3192F5C895B}.Release|Mixed Platforms.Build.0 = Release|Any CPU
		{A229A158-CFD5-4D05-945D-A3192F5C895B}.Release|x86.ActiveCfg = Release|Any CPU
		{20E2F666-4B98-4176-8C6A-B58E6258537E}.Debug|Any CPU.ActiveCfg = Debug|x86
		{20E2F666-4B98-4176-8C6A-B58E6258537E}.Debug|Mixed Platforms.ActiveCfg = Debug|x86
		{20E2F666-4B98-4176-8C6A-B58E6258537E}.Debug|Mixed Platforms.Build.0 = Debug|x86
		{20E2F666-4B98-4176-8C6A-B58E6258537E}.Debug|x86.ActiveCfg = Debug|x86
		{20E2F666-4B98-4176-8C6A-B58E6258537E}.Debug|x86.Build.0 = Debug|x86
		{20E2F666-4B98-4176-8C6A-B58E6258537E}.Release|Any CPU.ActiveCfg = Release|x86
		{20E2F666-4B98-4176-8C6A-B58E6258537E}.Release|Mixed Platforms.ActiveCfg = Release|x86
		{20E2F666-4B98-4176-8C6A-B58E6258537E}.Release|Mixed Platforms.Build.0 = Release|x86
		{20E2F666-4B98-4176-8C6A-B58E6258537E}.Release|x86.ActiveCfg = Release|x86
		{20E2F666-4B98-4176-8C6A-B58E6258537E}.Release|x86.Build.0 = Release|x86
		{7737AB96-07CC-4940-A298-E949EC4B9EAA}.Debug|Any CPU.ActiveCfg = Debug|Any CPU
		{7737AB96-07CC-4940-A298-E949EC4B9EAA}.Debug|Any CPU.Build.0 = Debug|Any CPU
		{7737AB96-07CC-4940-A298-E949EC4B9EAA}.Debug|Mixed Platforms.ActiveCfg = Debug|Any CPU
		{7737AB96-07CC-4940-A298-E949EC4B9EAA}.Debug|Mixed Platforms.Build.0 = Debug|Any CPU
		{7737AB96-07CC-4940-A298-E949EC4B9EAA}.Debug|x86.ActiveCfg = Debug|Any CPU
		{7737AB96-07CC-4940-A298-E949EC4B9EAA}.Release|Any CPU.ActiveCfg = Release|Any CPU
		{7737AB96-07CC-4940-A298-E949EC4B9EAA}.Release|Any CPU.Build.0 = Release|Any CPU
		{7737AB96-07CC-4940-A298-E949EC4B9EAA}.Release|Mixed Platforms.ActiveCfg = Release|Any CPU
		{7737AB96-07CC-4940-A298-E949EC4B9EAA}.Release|Mixed Platforms.Build.0 = Release|Any CPU
		{7737AB96-07CC-4940-A298-E949EC4B9EAA}.Release|x86.ActiveCfg = Release|Any CPU
		{ECA3FA91-06FB-421A-B5AC-2F985BAD12DE}.Debug|Any CPU.ActiveCfg = Debug|Any CPU
		{ECA3FA91-06FB-421A-B5AC-2F985BAD12DE}.Debug|Any CPU.Build.0 = Debug|Any CPU
		{ECA3FA91-06FB-421A-B5AC-2F985BAD12DE}.Debug|Mixed Platforms.ActiveCfg = Debug|Any CPU
		{ECA3FA91-06FB-421A-B5AC-2F985BAD12DE}.Debug|Mixed Platforms.Build.0 = Debug|Any CPU
		{ECA3FA91-06FB-421A-B5AC-2F985BAD12DE}.Debug|x86.ActiveCfg = Debug|Any CPU
		{ECA3FA91-06FB-421A-B5AC-2F985BAD12DE}.Release|Any CPU.ActiveCfg = Release|Any CPU
		{ECA3FA91-06FB-421A-B5AC-2F985BAD12DE}.Release|Any CPU.Build.0 = Release|Any CPU
		{ECA3FA91-06FB-421A-B5AC-2F985BAD12DE}.Release|Mixed Platforms.ActiveCfg = Release|Any CPU
		{ECA3FA91-06FB-421A-B5AC-2F985BAD12DE}.Release|Mixed Platforms.Build.0 = Release|Any CPU
		{ECA3FA91-06FB-421A-B5AC-2F985BAD12DE}.Release|x86.ActiveCfg = Release|Any CPU
		{B451EEF4-D35B-4D1D-96B5-0ED6057CCF07}.Debug|Any CPU.ActiveCfg = Debug|Any CPU
		{B451EEF4-D35B-4D1D-96B5-0ED6057CCF07}.Debug|Any CPU.Build.0 = Debug|Any CPU
		{B451EEF4-D35B-4D1D-96B5-0ED6057CCF07}.Debug|Mixed Platforms.ActiveCfg = Debug|Any CPU
		{B451EEF4-D35B-4D1D-96B5-0ED6057CCF07}.Debug|Mixed Platforms.Build.0 = Debug|Any CPU
		{B451EEF4-D35B-4D1D-96B5-0ED6057CCF07}.Debug|x86.ActiveCfg = Debug|Any CPU
		{B451EEF4-D35B-4D1D-96B5-0ED6057CCF07}.Release|Any CPU.ActiveCfg = Release|Any CPU
		{B451EEF4-D35B-4D1D-96B5-0ED6057CCF07}.Release|Any CPU.Build.0 = Release|Any CPU
		{B451EEF4-D35B-4D1D-96B5-0ED6057CCF07}.Release|Mixed Platforms.ActiveCfg = Release|Any CPU
		{B451EEF4-D35B-4D1D-96B5-0ED6057CCF07}.Release|Mixed Platforms.Build.0 = Release|Any CPU
		{B451EEF4-D35B-4D1D-96B5-0ED6057CCF07}.Release|x86.ActiveCfg = Release|Any CPU
		{C7FD3E94-FBF9-4F4A-A326-DE76108C3C77}.Debug|Any CPU.ActiveCfg = Debug|Any CPU
		{C7FD3E94-FBF9-4F4A-A326-DE76108C3C77}.Debug|Any CPU.Build.0 = Debug|Any CPU
		{C7FD3E94-FBF9-4F4A-A326-DE76108C3C77}.Debug|Mixed Platforms.ActiveCfg = Debug|Any CPU
		{C7FD3E94-FBF9-4F4A-A326-DE76108C3C77}.Debug|Mixed Platforms.Build.0 = Debug|Any CPU
		{C7FD3E94-FBF9-4F4A-A326-DE76108C3C77}.Debug|x86.ActiveCfg = Debug|Any CPU
		{C7FD3E94-FBF9-4F4A-A326-DE76108C3C77}.Release|Any CPU.ActiveCfg = Debug|Any CPU
		{C7FD3E94-FBF9-4F4A-A326-DE76108C3C77}.Release|Any CPU.Build.0 = Debug|Any CPU
		{C7FD3E94-FBF9-4F4A-A326-DE76108C3C77}.Release|Mixed Platforms.ActiveCfg = Debug|Any CPU
		{C7FD3E94-FBF9-4F4A-A326-DE76108C3C77}.Release|Mixed Platforms.Build.0 = Debug|Any CPU
		{C7FD3E94-FBF9-4F4A-A326-DE76108C3C77}.Release|x86.ActiveCfg = Debug|Any CPU
		{6F63B0CA-5614-43BB-86CE-D39F10DED1DF}.Debug|Any CPU.ActiveCfg = Debug|Any CPU
		{6F63B0CA-5614-43BB-86CE-D39F10DED1DF}.Debug|Any CPU.Build.0 = Debug|Any CPU
		{6F63B0CA-5614-43BB-86CE-D39F10DED1DF}.Debug|Mixed Platforms.ActiveCfg = Debug|Any CPU
		{6F63B0CA-5614-43BB-86CE-D39F10DED1DF}.Debug|Mixed Platforms.Build.0 = Debug|Any CPU
		{6F63B0CA-5614-43BB-86CE-D39F10DED1DF}.Debug|x86.ActiveCfg = Debug|Any CPU
		{6F63B0CA-5614-43BB-86CE-D39F10DED1DF}.Release|Any CPU.ActiveCfg = Release|Any CPU
		{6F63B0CA-5614-43BB-86CE-D39F10DED1DF}.Release|Any CPU.Build.0 = Release|Any CPU
		{6F63B0CA-5614-43BB-86CE-D39F10DED1DF}.Release|Mixed Platforms.ActiveCfg = Release|Any CPU
		{6F63B0CA-5614-43BB-86CE-D39F10DED1DF}.Release|Mixed Platforms.Build.0 = Release|Any CPU
		{6F63B0CA-5614-43BB-86CE-D39F10DED1DF}.Release|x86.ActiveCfg = Release|Any CPU
		{54BBBD3E-7862-4687-8A9C-39DC707012BD}.Debug|Any CPU.ActiveCfg = Debug|Any CPU
		{54BBBD3E-7862-4687-8A9C-39DC707012BD}.Debug|Any CPU.Build.0 = Debug|Any CPU
		{54BBBD3E-7862-4687-8A9C-39DC707012BD}.Debug|Mixed Platforms.ActiveCfg = Debug|Any CPU
		{54BBBD3E-7862-4687-8A9C-39DC707012BD}.Debug|Mixed Platforms.Build.0 = Debug|Any CPU
		{54BBBD3E-7862-4687-8A9C-39DC707012BD}.Debug|x86.ActiveCfg = Debug|Any CPU
		{54BBBD3E-7862-4687-8A9C-39DC707012BD}.Release|Any CPU.ActiveCfg = Release|Any CPU
		{54BBBD3E-7862-4687-8A9C-39DC707012BD}.Release|Any CPU.Build.0 = Release|Any CPU
		{54BBBD3E-7862-4687-8A9C-39DC707012BD}.Release|Mixed Platforms.ActiveCfg = Release|Any CPU
		{54BBBD3E-7862-4687-8A9C-39DC707012BD}.Release|Mixed Platforms.Build.0 = Release|Any CPU
		{54BBBD3E-7862-4687-8A9C-39DC707012BD}.Release|x86.ActiveCfg = Release|Any CPU
		{EA5115DC-E9ED-4A31-B15A-4198B93E3FC6}.Debug|Any CPU.ActiveCfg = Debug|Any CPU
		{EA5115DC-E9ED-4A31-B15A-4198B93E3FC6}.Debug|Any CPU.Build.0 = Debug|Any CPU
		{EA5115DC-E9ED-4A31-B15A-4198B93E3FC6}.Debug|Mixed Platforms.ActiveCfg = Debug|Any CPU
		{EA5115DC-E9ED-4A31-B15A-4198B93E3FC6}.Debug|Mixed Platforms.Build.0 = Debug|Any CPU
		{EA5115DC-E9ED-4A31-B15A-4198B93E3FC6}.Debug|x86.ActiveCfg = Debug|Any CPU
		{EA5115DC-E9ED-4A31-B15A-4198B93E3FC6}.Release|Any CPU.ActiveCfg = Release|Any CPU
		{EA5115DC-E9ED-4A31-B15A-4198B93E3FC6}.Release|Any CPU.Build.0 = Release|Any CPU
		{EA5115DC-E9ED-4A31-B15A-4198B93E3FC6}.Release|Mixed Platforms.ActiveCfg = Release|Any CPU
		{EA5115DC-E9ED-4A31-B15A-4198B93E3FC6}.Release|Mixed Platforms.Build.0 = Release|Any CPU
		{EA5115DC-E9ED-4A31-B15A-4198B93E3FC6}.Release|x86.ActiveCfg = Release|Any CPU
	EndGlobalSection
	GlobalSection(SolutionProperties) = preSolution
		HideSolutionNode = FALSE
	EndGlobalSection
	GlobalSection(NestedProjects) = preSolution
		{20E2F666-4B98-4176-8C6A-B58E6258537E} = {1B1EA4C3-DE93-437E-AE87-31F1D9312435}
		{CC70FDC5-B84B-42A9-880B-2A7F36CE2D04} = {1B1EA4C3-DE93-437E-AE87-31F1D9312435}
		{EF46BA66-E8CE-4C0B-84D8-85970F4E60E5} = {1B1EA4C3-DE93-437E-AE87-31F1D9312435}
		{B451EEF4-D35B-4D1D-96B5-0ED6057CCF07} = {CC70FDC5-B84B-42A9-880B-2A7F36CE2D04}
		{7737AB96-07CC-4940-A298-E949EC4B9EAA} = {CC70FDC5-B84B-42A9-880B-2A7F36CE2D04}
		{EA5115DC-E9ED-4A31-B15A-4198B93E3FC6} = {CC70FDC5-B84B-42A9-880B-2A7F36CE2D04}
		{02862DB9-C9C5-45A1-BED9-4FDC9AF34795} = {CC70FDC5-B84B-42A9-880B-2A7F36CE2D04}
		{C7FD3E94-FBF9-4F4A-A326-DE76108C3C77} = {EF46BA66-E8CE-4C0B-84D8-85970F4E60E5}
		{6F63B0CA-5614-43BB-86CE-D39F10DED1DF} = {EF46BA66-E8CE-4C0B-84D8-85970F4E60E5}
	EndGlobalSection
EndGlobal
