
Microsoft Visual Studio Solution File, Format Version 11.00
# Visual Studio 2010
Project("{2150E333-8FDC-42A3-9474-1A3956D46DE8}") = "Samples", "Samples", "{1B1EA4C3-DE93-437E-AE87-31F1D9312435}"
EndProject
Project("{FAE04EC0-301F-11D3-BF4B-00C04F79EFBC}") = "RazorGenerator.Core", "src\core\RazorGenerator.Core.csproj", "{AF040852-112F-494D-B1D0-B50888928DB6}"
EndProject
Project("{2150E333-8FDC-42A3-9474-1A3956D46DE8}") = "test", "test", "{FF29204A-5550-442A-9577-7E4E0EB705A1}"
EndProject
Project("{FAE04EC0-301F-11D3-BF4B-00C04F79EFBC}") = "RazorGenerator.Core.Test", "test\RazorGenerator.Core.Test\RazorGenerator.Core.Test.csproj", "{31008D4B-EF1A-43B9-8908-B35818324FFC}"
EndProject
Project("{2150E333-8FDC-42A3-9474-1A3956D46DE8}") = "Solution Items", "Solution Items", "{A94F06C3-51D9-4CC9-98B0-0EB83B8A30D7}"
	ProjectSection(SolutionItems) = preProject
		Local.testsettings = Local.testsettings
		RazorGenerator2.vsmdi = RazorGenerator2.vsmdi
	EndProjectSection
EndProject
Project("{FAE04EC0-301F-11D3-BF4B-00C04F79EFBC}") = "RazorGenerator.Tooling", "src\tooling\RazorGenerator.Tooling.csproj", "{461089E7-008E-4737-BA17-E1FCD1CC3D0E}"
EndProject
Project("{FAE04EC0-301F-11D3-BF4B-00C04F79EFBC}") = "RazorGenerator.MsBuild", "src\RazorGenerator.MsBuild\RazorGenerator.MsBuild.csproj", "{A229A158-CFD5-4D05-945D-A3192F5C895B}"
EndProject
Global
	GlobalSection(TestCaseManagementSettings) = postSolution
		CategoryFile = RazorGenerator2.vsmdi
	EndGlobalSection
	GlobalSection(SolutionConfigurationPlatforms) = preSolution
		Debug|Any CPU = Debug|Any CPU
		Release|Any CPU = Release|Any CPU
	EndGlobalSection
	GlobalSection(ProjectConfigurationPlatforms) = postSolution
		{AF040852-112F-494D-B1D0-B50888928DB6}.Debug|Any CPU.ActiveCfg = Debug|Any CPU
		{AF040852-112F-494D-B1D0-B50888928DB6}.Debug|Any CPU.Build.0 = Debug|Any CPU
		{AF040852-112F-494D-B1D0-B50888928DB6}.Release|Any CPU.ActiveCfg = Release|Any CPU
		{AF040852-112F-494D-B1D0-B50888928DB6}.Release|Any CPU.Build.0 = Release|Any CPU
		{31008D4B-EF1A-43B9-8908-B35818324FFC}.Debug|Any CPU.ActiveCfg = Debug|Any CPU
		{31008D4B-EF1A-43B9-8908-B35818324FFC}.Debug|Any CPU.Build.0 = Debug|Any CPU
		{31008D4B-EF1A-43B9-8908-B35818324FFC}.Release|Any CPU.ActiveCfg = Release|Any CPU
		{31008D4B-EF1A-43B9-8908-B35818324FFC}.Release|Any CPU.Build.0 = Release|Any CPU
		{461089E7-008E-4737-BA17-E1FCD1CC3D0E}.Debug|Any CPU.ActiveCfg = Debug|Any CPU
		{461089E7-008E-4737-BA17-E1FCD1CC3D0E}.Debug|Any CPU.Build.0 = Debug|Any CPU
		{461089E7-008E-4737-BA17-E1FCD1CC3D0E}.Release|Any CPU.ActiveCfg = Release|Any CPU
		{461089E7-008E-4737-BA17-E1FCD1CC3D0E}.Release|Any CPU.Build.0 = Release|Any CPU
		{A229A158-CFD5-4D05-945D-A3192F5C895B}.Debug|Any CPU.ActiveCfg = Debug|Any CPU
		{A229A158-CFD5-4D05-945D-A3192F5C895B}.Debug|Any CPU.Build.0 = Debug|Any CPU
		{A229A158-CFD5-4D05-945D-A3192F5C895B}.Release|Any CPU.ActiveCfg = Release|Any CPU
		{A229A158-CFD5-4D05-945D-A3192F5C895B}.Release|Any CPU.Build.0 = Release|Any CPU
	EndGlobalSection
	GlobalSection(SolutionProperties) = preSolution
		HideSolutionNode = FALSE
	EndGlobalSection
	GlobalSection(NestedProjects) = preSolution
		{31008D4B-EF1A-43B9-8908-B35818324FFC} = {FF29204A-5550-442A-9577-7E4E0EB705A1}
		{A94F06C3-51D9-4CC9-98B0-0EB83B8A30D7} = {FF29204A-5550-442A-9577-7E4E0EB705A1}
	EndGlobalSection
EndGlobal
